
Microsoft Visual Studio Solution File, Format Version 12.00
# Visual Studio Version 17
VisualStudioVersion = 17.5.002.0
MinimumVisualStudioVersion = 10.0.40219.1
Project("{9A19103F-16F7-4668-BE54-9A1E7A4F7556}") = "netatmo-web-display", "netatmo-web-display.csproj", "{FC2B35BE-E09D-4519-8A3A-0036D636AB60}"
EndProject
Global
	GlobalSection(SolutionConfigurationPlatforms) = preSolution
		Debug|Any CPU = Debug|Any CPU
		Release|Any CPU = Release|Any CPU
	EndGlobalSection
	GlobalSection(ProjectConfigurationPlatforms) = postSolution
		{FC2B35BE-E09D-4519-8A3A-0036D636AB60}.Debug|Any CPU.ActiveCfg = Debug|Any CPU
		{FC2B35BE-E09D-4519-8A3A-0036D636AB60}.Debug|Any CPU.Build.0 = Debug|Any CPU
		{FC2B35BE-E09D-4519-8A3A-0036D636AB60}.Release|Any CPU.ActiveCfg = Release|Any CPU
		{FC2B35BE-E09D-4519-8A3A-0036D636AB60}.Release|Any CPU.Build.0 = Release|Any CPU
	EndGlobalSection
	GlobalSection(SolutionProperties) = preSolution
		HideSolutionNode = FALSE
	EndGlobalSection
	GlobalSection(ExtensibilityGlobals) = postSolution
		SolutionGuid = {2E6B7483-58CB-40D5-BE62-9363C5D780EC}
	EndGlobalSection
EndGlobal
